
Microsoft Visual Studio Solution File, Format Version 12.00
# Visual Studio 15
VisualStudioVersion = 15.0.28010.2050
MinimumVisualStudioVersion = 10.0.40219.1
Project("{FAE04EC0-301F-11D3-BF4B-00C04F79EFBC}") = "WebSiteCrop", "WebSiteCrop\WebSiteCrop.csproj", "{9420F7BA-09D6-4402-981B-10BFD2FF8712}"
EndProject
Global
	GlobalSection(SolutionConfigurationPlatforms) = preSolution
		Debug|Any CPU = Debug|Any CPU
		Release|Any CPU = Release|Any CPU
	EndGlobalSection
	GlobalSection(ProjectConfigurationPlatforms) = postSolution
		{9420F7BA-09D6-4402-981B-10BFD2FF8712}.Debug|Any CPU.ActiveCfg = Debug|Any CPU
		{9420F7BA-09D6-4402-981B-10BFD2FF8712}.Debug|Any CPU.Build.0 = Debug|Any CPU
		{9420F7BA-09D6-4402-981B-10BFD2FF8712}.Release|Any CPU.ActiveCfg = Release|Any CPU
		{9420F7BA-09D6-4402-981B-10BFD2FF8712}.Release|Any CPU.Build.0 = Release|Any CPU
	EndGlobalSection
	GlobalSection(SolutionProperties) = preSolution
		HideSolutionNode = FALSE
	EndGlobalSection
	GlobalSection(ExtensibilityGlobals) = postSolution
		SolutionGuid = {C2BFD11C-B6EA-4648-8D57-F6396AB0D06B}
	EndGlobalSection
EndGlobal
